<?xml version="1.0" encoding="utf-8"?>
<Project ToolsVersion="4.0" xmlns="http://schemas.microsoft.com/developer/msbuild/2003">
  <ItemGroup>
    <Filter Include="Source Files">
      <UniqueIdentifier>{4FC737F1-C7A5-4376-A066-2A32D752A2FF}</UniqueIdentifier>
      <Extensions>cpp;c;cc;cxx;def;odl;idl;hpj;bat;asm;asmx</Extensions>
    </Filter>
    <Filter Include="Header Files">
      <UniqueIdentifier>{93995380-89BD-4b04-88EB-625FBE52EBFB}</UniqueIdentifier>
      <Extensions>h;hpp;hxx;hm;inl;inc;xsd</Extensions>
    </Filter>
    <Filter Include="Resource Files">
      <UniqueIdentifier>{67DA6AB6-F800-4c08-8B7A-83BB121AAD01}</UniqueIdentifier>
      <Extensions>rc;ico;cur;bmp;dlg;rc2;rct;bin;rgs;gif;jpg;jpeg;jpe;resx;tiff;tif;png;wav;mfcribbon-ms</Extensions>
    </Filter>
  </ItemGroup>
  <ItemGroup>
    <None Include="ReadMe.txt" />
    <None Include="app.ico">
      <Filter>Resource Files</Filter>
    </None>
    <None Include="Images\bar_button.png">
      <Filter>Resource Files</Filter>
    </None>
    <None Include="Images\bar_button_green.png">
      <Filter>Resource Files</Filter>
    </None>
    <None Include="Images\bar_button_red.png">
      <Filter>Resource Files</Filter>
    </None>
    <None Include="Images\bar_button_yellow.png">
      <Filter>Resource Files</Filter>
    </None>
    <None Include="Images\bar_decor.png">
      <Filter>Resource Files</Filter>
    </None>
    <None Include="Images\bar_decor_blue.png">
      <Filter>Resource Files</Filter>
    </None>
    <None Include="Images\item_bar.png">
      <Filter>Resource Files</Filter>
    </None>
    <None Include="Images\noImageSelected.png">
      <Filter>Resource Files</Filter>
    </None>
    <None Include="Icons\disks_black.png">
      <Filter>Resource Files</Filter>
    </None>
    <None Include="Icons\folder_horizontal_open.png">
      <Filter>Resource Files</Filter>
    </None>
    <None Include="Icons\gear.png">
      <Filter>Resource Files</Filter>
    </None>
    <None Include="Icons\image.png">
      <Filter>Resource Files</Filter>
    </None>
    <None Include="Icons\information.png">
      <Filter>Resource Files</Filter>
    </None>
    <None Include="Icons\question.png">
      <Filter>Resource Files</Filter>
    </None>
    <None Include="Icons\stairs.png">
      <Filter>Resource Files</Filter>
    </None>
    <None Include="Icons\arrow_left.png">
      <Filter>Resource Files</Filter>
    </None>
    <None Include="Icons\arrow_right.png">
      <Filter>Resource Files</Filter>
    </None>
    <None Include="Icons\balloon_exclamation.png">
      <Filter>Resource Files</Filter>
    </None>
    <None Include="Icons\cross_script.png">
      <Filter>Resource Files</Filter>
    </None>
    <None Include="Icons\disk.png">
      <Filter>Resource Files</Filter>
    </None>
    <None Include="Icons\disk_pencil.png">
      <Filter>Resource Files</Filter>
    </None>
  </ItemGroup>
  <ItemGroup>
    <ClCompile Include="PathCreator.cpp">
      <Filter>Source Files</Filter>
    </ClCompile>
    <ClCompile Include="AssemblyInfo.cpp">
      <Filter>Source Files</Filter>
    </ClCompile>
    <ClCompile Include="stdafx.cpp">
      <Filter>Source Files</Filter>
    </ClCompile>
    <ClCompile Include="global.cpp">
      <Filter>Source Files</Filter>
    </ClCompile>
    <ClCompile Include="HomeWindow.cpp">
      <Filter>Source Files</Filter>
    </ClCompile>
    <ClCompile Include="MainWindow.cpp">
      <Filter>Source Files</Filter>
    </ClCompile>
    <ClCompile Include="InfoControl.cpp">
      <Filter>Source Files</Filter>
    </ClCompile>
    <ClCompile Include="TextureControl.cpp">
      <Filter>Source Files</Filter>
    </ClCompile>
    <ClCompile Include="ModelsControl.cpp">
      <Filter>Source Files</Filter>
    </ClCompile>
    <ClCompile Include="AutoLoadDialog.cpp">
      <Filter>Source Files</Filter>
    </ClCompile>
    <ClCompile Include="QueueTextureControl.cpp">
      <Filter>Source Files</Filter>
    </ClCompile>
    <ClCompile Include="QueueModelsControl.cpp">
      <Filter>Source Files</Filter>
    </ClCompile>
    <ClCompile Include="ExtendedModelsControl.cpp">
      <Filter>Source Files</Filter>
    </ClCompile>
    <ClCompile Include="HelpWindow.cpp">
      <Filter>Source Files</Filter>
    </ClCompile>
    <ClCompile Include="PathHelper.cpp">
      <Filter>Source Files</Filter>
    </ClCompile>
    <ClCompile Include="QueueHelper.cpp">
      <Filter>Source Files</Filter>
    </ClCompile>
    <ClCompile Include="ProgramSettings.cpp">
      <Filter>Source Files</Filter>
    </ClCompile>
    <ClCompile Include="AboutWindow.cpp">
      <Filter>Source Files</Filter>
    </ClCompile>
    <ClCompile Include="ProgramSettingsWindow.cpp">
      <Filter>Source Files</Filter>
    </ClCompile>
    <ClCompile Include="UpdateWindow.cpp">
      <Filter>Source Files</Filter>
    </ClCompile>
  </ItemGroup>
  <ItemGroup>
    <ClInclude Include="stdafx.h">
      <Filter>Header Files</Filter>
    </ClInclude>
    <ClInclude Include="resource.h">
      <Filter>Header Files</Filter>
    </ClInclude>
    <ClInclude Include="HomeWindow.h">
      <Filter>Header Files</Filter>
    </ClInclude>
    <ClInclude Include="images.h">
      <Filter>Header Files</Filter>
    </ClInclude>
    <ClInclude Include="global.h">
      <Filter>Header Files</Filter>
    </ClInclude>
    <ClInclude Include="MainWindow.h">
      <Filter>Header Files</Filter>
    </ClInclude>
    <ClInclude Include="TransparentLabel.h">
      <Filter>Header Files</Filter>
    </ClInclude>
    <ClInclude Include="InfoControl.h">
      <Filter>Header Files</Filter>
    </ClInclude>
    <ClInclude Include="TextureControl.h">
      <Filter>Header Files</Filter>
    </ClInclude>
    <ClInclude Include="ModelsControl.h">
      <Filter>Header Files</Filter>
    </ClInclude>
    <ClInclude Include="AutoLoadDialog.h">
      <Filter>Header Files</Filter>
    </ClInclude>
    <ClInclude Include="QueueTextureControl.h">
      <Filter>Header Files</Filter>
    </ClInclude>
    <ClInclude Include="QueueModelsControl.h">
      <Filter>Header Files</Filter>
    </ClInclude>
    <ClInclude Include="ExtendedModelsControl.h">
      <Filter>Header Files</Filter>
    </ClInclude>
    <ClInclude Include="HelpWindow.h">
      <Filter>Header Files</Filter>
    </ClInclude>
    <ClInclude Include="PathHelper.h">
      <Filter>Header Files</Filter>
    </ClInclude>
    <ClInclude Include="QueueHelper.h">
      <Filter>Header Files</Filter>
    </ClInclude>
    <ClInclude Include="ProgramSettings.h">
      <Filter>Header Files</Filter>
    </ClInclude>
    <ClInclude Include="AboutWindow.h">
      <Filter>Header Files</Filter>
    </ClInclude>
    <ClInclude Include="ProgramSettingsWindow.h">
      <Filter>Header Files</Filter>
    </ClInclude>
    <ClInclude Include="UpdateWindow.h">
      <Filter>Header Files</Filter>
    </ClInclude>
  </ItemGroup>
  <ItemGroup>
    <ResourceCompile Include="app.rc">
      <Filter>Resource Files</Filter>
    </ResourceCompile>
  </ItemGroup>
  <ItemGroup>
    <EmbeddedResource Include="HomeWindow.resX">
      <Filter>Resource Files</Filter>
    </EmbeddedResource>
    <EmbeddedResource Include="InfoControl.resx">
      <Filter>Resource Files</Filter>
    </EmbeddedResource>
    <EmbeddedResource Include="MainWindow.resx">
      <Filter>Resource Files</Filter>
    </EmbeddedResource>
    <EmbeddedResource Include="TextureControl.resx">
      <Filter>Resource Files</Filter>
    </EmbeddedResource>
    <EmbeddedResource Include="AutoLoadDialog.resx">
      <Filter>Resource Files</Filter>
    </EmbeddedResource>
    <EmbeddedResource Include="ExtendedModelsControl.resx">
      <Filter>Resource Files</Filter>
    </EmbeddedResource>
    <EmbeddedResource Include="HelpWindow.resx">
      <Filter>Resource Files</Filter>
    </EmbeddedResource>
    <EmbeddedResource Include="ModelsControl.resx">
      <Filter>Resource Files</Filter>
    </EmbeddedResource>
    <EmbeddedResource Include="QueueModelsControl.resx">
      <Filter>Resource Files</Filter>
    </EmbeddedResource>
    <EmbeddedResource Include="QueueTextureControl.resx">
      <Filter>Resource Files</Filter>
    </EmbeddedResource>
    <EmbeddedResource Include="AboutWindow.resx">
      <Filter>Resource Files</Filter>
    </EmbeddedResource>
    <EmbeddedResource Include="ProgramSettingsWindow.resx">
      <Filter>Resource Files</Filter>
    </EmbeddedResource>
    <EmbeddedResource Include="UpdateWindow.resx">
      <Filter>Resource Files</Filter>
    </EmbeddedResource>
  </ItemGroup>
</Project>